// !$*UTF8*$!
{
	archiveVersion = 1;
	classes = {
	};
	objectVersion = 55;
	objects = {

/* Begin PBXBuildFile section */
		313D9D162889D9AD0091D488 /* AppDelegate.swift in Sources */ = {isa = PBXBuildFile; fileRef = 313D9D152889D9AD0091D488 /* AppDelegate.swift */; };
		313D9D182889D9AD0091D488 /* SceneDelegate.swift in Sources */ = {isa = PBXBuildFile; fileRef = 313D9D172889D9AD0091D488 /* SceneDelegate.swift */; };
		313D9D1F2889D9AD0091D488 /* Assets.xcassets in Resources */ = {isa = PBXBuildFile; fileRef = 313D9D1E2889D9AD0091D488 /* Assets.xcassets */; };
		313D9D222889D9AD0091D488 /* LaunchScreen.storyboard in Resources */ = {isa = PBXBuildFile; fileRef = 313D9D202889D9AD0091D488 /* LaunchScreen.storyboard */; };
		313D9D2F2889E1B80091D488 /* MovieViewModel.swift in Sources */ = {isa = PBXBuildFile; fileRef = 313D9D2E2889E1B80091D488 /* MovieViewModel.swift */; };
		313D9D312889E1E30091D488 /* MovieViewController.swift in Sources */ = {isa = PBXBuildFile; fileRef = 313D9D302889E1E30091D488 /* MovieViewController.swift */; };
		313D9D332889E2140091D488 /* MovieView.swift in Sources */ = {isa = PBXBuildFile; fileRef = 313D9D322889E2140091D488 /* MovieView.swift */; };
		313D9D362889EB7F0091D488 /* SimilarMoviesCell.swift in Sources */ = {isa = PBXBuildFile; fileRef = 313D9D352889EB7F0091D488 /* SimilarMoviesCell.swift */; };
		313D9D3A2889FF960091D488 /* UILabel+Extension.swift in Sources */ = {isa = PBXBuildFile; fileRef = 313D9D392889FF960091D488 /* UILabel+Extension.swift */; };
		313D9D42288A02420091D488 /* CustomFont.swift in Sources */ = {isa = PBXBuildFile; fileRef = 313D9D41288A02420091D488 /* CustomFont.swift */; };
		313D9D44288A088E0091D488 /* MovieNameCell.swift in Sources */ = {isa = PBXBuildFile; fileRef = 313D9D43288A088E0091D488 /* MovieNameCell.swift */; };
		313D9D46288A09610091D488 /* UIButton+Extension.swift in Sources */ = {isa = PBXBuildFile; fileRef = 313D9D45288A09610091D488 /* UIButton+Extension.swift */; };
		313D9D4A288A2E7B0091D488 /* HideTableViewHeader.swift in Sources */ = {isa = PBXBuildFile; fileRef = 313D9D49288A2E7B0091D488 /* HideTableViewHeader.swift */; };
		313D9D4D288B28460091D488 /* MovieService.swift in Sources */ = {isa = PBXBuildFile; fileRef = 313D9D4C288B28460091D488 /* MovieService.swift */; };
		313D9D4F288B28E60091D488 /* GenericServices.swift in Sources */ = {isa = PBXBuildFile; fileRef = 313D9D4E288B28E60091D488 /* GenericServices.swift */; };
		313D9D52288B2C160091D488 /* MovieDetails.swift in Sources */ = {isa = PBXBuildFile; fileRef = 313D9D51288B2C160091D488 /* MovieDetails.swift */; };
		313D9D74288C7E330091D488 /* ImageMovieCell.swift in Sources */ = {isa = PBXBuildFile; fileRef = 313D9D73288C7E320091D488 /* ImageMovieCell.swift */; };
		313D9D76288C9C140091D488 /* SimilarMoviesService.swift in Sources */ = {isa = PBXBuildFile; fileRef = 313D9D75288C9C130091D488 /* SimilarMoviesService.swift */; };
		313D9D78288C9C4D0091D488 /* SimilarMovies.swift in Sources */ = {isa = PBXBuildFile; fileRef = 313D9D77288C9C4D0091D488 /* SimilarMovies.swift */; };
		4312118E6B26E0E52AB4FF24 /* Pods_DesafioMobile2You.framework in Frameworks */ = {isa = PBXBuildFile; fileRef = 2332A2B18815ADEBF1A670F6 /* Pods_DesafioMobile2You.framework */; };
/* End PBXBuildFile section */

/* Begin PBXFileReference section */
		2332A2B18815ADEBF1A670F6 /* Pods_DesafioMobile2You.framework */ = {isa = PBXFileReference; explicitFileType = wrapper.framework; includeInIndex = 0; path = Pods_DesafioMobile2You.framework; sourceTree = BUILT_PRODUCTS_DIR; };
		313D9D122889D9AD0091D488 /* DesafioMobile2You.app */ = {isa = PBXFileReference; explicitFileType = wrapper.application; includeInIndex = 0; path = DesafioMobile2You.app; sourceTree = BUILT_PRODUCTS_DIR; };
		313D9D152889D9AD0091D488 /* AppDelegate.swift */ = {isa = PBXFileReference; lastKnownFileType = sourcecode.swift; path = AppDelegate.swift; sourceTree = "<group>"; };
		313D9D172889D9AD0091D488 /* SceneDelegate.swift */ = {isa = PBXFileReference; lastKnownFileType = sourcecode.swift; path = SceneDelegate.swift; sourceTree = "<group>"; };
		313D9D1E2889D9AD0091D488 /* Assets.xcassets */ = {isa = PBXFileReference; lastKnownFileType = folder.assetcatalog; path = Assets.xcassets; sourceTree = "<group>"; };
		313D9D212889D9AD0091D488 /* Base */ = {isa = PBXFileReference; lastKnownFileType = file.storyboard; name = Base; path = Base.lproj/LaunchScreen.storyboard; sourceTree = "<group>"; };
		313D9D232889D9AE0091D488 /* Info.plist */ = {isa = PBXFileReference; lastKnownFileType = text.plist.xml; path = Info.plist; sourceTree = "<group>"; };
		313D9D2E2889E1B80091D488 /* MovieViewModel.swift */ = {isa = PBXFileReference; lastKnownFileType = sourcecode.swift; path = MovieViewModel.swift; sourceTree = "<group>"; };
		313D9D302889E1E30091D488 /* MovieViewController.swift */ = {isa = PBXFileReference; lastKnownFileType = sourcecode.swift; path = MovieViewController.swift; sourceTree = "<group>"; };
		313D9D322889E2140091D488 /* MovieView.swift */ = {isa = PBXFileReference; lastKnownFileType = sourcecode.swift; path = MovieView.swift; sourceTree = "<group>"; };
		313D9D352889EB7F0091D488 /* SimilarMoviesCell.swift */ = {isa = PBXFileReference; lastKnownFileType = sourcecode.swift; path = SimilarMoviesCell.swift; sourceTree = "<group>"; };
		313D9D392889FF960091D488 /* UILabel+Extension.swift */ = {isa = PBXFileReference; lastKnownFileType = sourcecode.swift; path = "UILabel+Extension.swift"; sourceTree = "<group>"; };
		313D9D3C288A011F0091D488 /* OpenSans-Medium.ttf */ = {isa = PBXFileReference; lastKnownFileType = file; path = "OpenSans-Medium.ttf"; sourceTree = "<group>"; };
		313D9D3D288A011F0091D488 /* OpenSans-SemiBold.ttf */ = {isa = PBXFileReference; lastKnownFileType = file; path = "OpenSans-SemiBold.ttf"; sourceTree = "<group>"; };
		313D9D3E288A011F0091D488 /* OpenSans-Bold.ttf */ = {isa = PBXFileReference; lastKnownFileType = file; path = "OpenSans-Bold.ttf"; sourceTree = "<group>"; };
		313D9D3F288A011F0091D488 /* OpenSans-Regular.ttf */ = {isa = PBXFileReference; lastKnownFileType = file; path = "OpenSans-Regular.ttf"; sourceTree = "<group>"; };
		313D9D41288A02420091D488 /* CustomFont.swift */ = {isa = PBXFileReference; lastKnownFileType = sourcecode.swift; path = CustomFont.swift; sourceTree = "<group>"; };
		313D9D43288A088E0091D488 /* MovieNameCell.swift */ = {isa = PBXFileReference; lastKnownFileType = sourcecode.swift; path = MovieNameCell.swift; sourceTree = "<group>"; };
		313D9D45288A09610091D488 /* UIButton+Extension.swift */ = {isa = PBXFileReference; lastKnownFileType = sourcecode.swift; path = "UIButton+Extension.swift"; sourceTree = "<group>"; };
		313D9D49288A2E7B0091D488 /* HideTableViewHeader.swift */ = {isa = PBXFileReference; lastKnownFileType = sourcecode.swift; path = HideTableViewHeader.swift; sourceTree = "<group>"; };
		313D9D4C288B28460091D488 /* MovieService.swift */ = {isa = PBXFileReference; lastKnownFileType = sourcecode.swift; path = MovieService.swift; sourceTree = "<group>"; };
		313D9D4E288B28E60091D488 /* GenericServices.swift */ = {isa = PBXFileReference; lastKnownFileType = sourcecode.swift; path = GenericServices.swift; sourceTree = "<group>"; };
		313D9D51288B2C160091D488 /* MovieDetails.swift */ = {isa = PBXFileReference; lastKnownFileType = sourcecode.swift; path = MovieDetails.swift; sourceTree = "<group>"; };
		313D9D73288C7E320091D488 /* ImageMovieCell.swift */ = {isa = PBXFileReference; lastKnownFileType = sourcecode.swift; path = ImageMovieCell.swift; sourceTree = "<group>"; };
		313D9D75288C9C130091D488 /* SimilarMoviesService.swift */ = {isa = PBXFileReference; lastKnownFileType = sourcecode.swift; path = SimilarMoviesService.swift; sourceTree = "<group>"; };
		313D9D77288C9C4D0091D488 /* SimilarMovies.swift */ = {isa = PBXFileReference; lastKnownFileType = sourcecode.swift; path = SimilarMovies.swift; sourceTree = "<group>"; };
		61AD216E247807594CB58D15 /* Pods-DesafioMobile2You.debug.xcconfig */ = {isa = PBXFileReference; includeInIndex = 1; lastKnownFileType = text.xcconfig; name = "Pods-DesafioMobile2You.debug.xcconfig"; path = "Target Support Files/Pods-DesafioMobile2You/Pods-DesafioMobile2You.debug.xcconfig"; sourceTree = "<group>"; };
		91991C45E30FFDCE4C9FE2DC /* Pods-DesafioMobile2You.release.xcconfig */ = {isa = PBXFileReference; includeInIndex = 1; lastKnownFileType = text.xcconfig; name = "Pods-DesafioMobile2You.release.xcconfig"; path = "Target Support Files/Pods-DesafioMobile2You/Pods-DesafioMobile2You.release.xcconfig"; sourceTree = "<group>"; };
/* End PBXFileReference section */

/* Begin PBXFrameworksBuildPhase section */
		313D9D0F2889D9AD0091D488 /* Frameworks */ = {
			isa = PBXFrameworksBuildPhase;
			buildActionMask = 2147483647;
			files = (
				4312118E6B26E0E52AB4FF24 /* Pods_DesafioMobile2You.framework in Frameworks */,
			);
			runOnlyForDeploymentPostprocessing = 0;
		};
/* End PBXFrameworksBuildPhase section */

/* Begin PBXGroup section */
		1F4455AD6CEA35F4BFCEB237 /* Pods */ = {
			isa = PBXGroup;
			children = (
				61AD216E247807594CB58D15 /* Pods-DesafioMobile2You.debug.xcconfig */,
				91991C45E30FFDCE4C9FE2DC /* Pods-DesafioMobile2You.release.xcconfig */,
			);
			path = Pods;
			sourceTree = "<group>";
		};
		313D9D092889D9AD0091D488 = {
			isa = PBXGroup;
			children = (
				313D9D142889D9AD0091D488 /* DesafioMobile2You */,
				313D9D132889D9AD0091D488 /* Products */,
				1F4455AD6CEA35F4BFCEB237 /* Pods */,
				D2712E71BC24097D95D5F116 /* Frameworks */,
			);
			sourceTree = "<group>";
		};
		313D9D132889D9AD0091D488 /* Products */ = {
			isa = PBXGroup;
			children = (
				313D9D122889D9AD0091D488 /* DesafioMobile2You.app */,
			);
			name = Products;
			sourceTree = "<group>";
		};
		313D9D142889D9AD0091D488 /* DesafioMobile2You */ = {
			isa = PBXGroup;
			children = (
				313D9D50288B2C070091D488 /* Model */,
				313D9D4B288B28120091D488 /* Network */,
				313D9D372889FF410091D488 /* Utils */,
				313D9D292889DFE80091D488 /* Features */,
				313D9D152889D9AD0091D488 /* AppDelegate.swift */,
				313D9D172889D9AD0091D488 /* SceneDelegate.swift */,
				313D9D1E2889D9AD0091D488 /* Assets.xcassets */,
				313D9D202889D9AD0091D488 /* LaunchScreen.storyboard */,
				313D9D232889D9AE0091D488 /* Info.plist */,
			);
			path = DesafioMobile2You;
			sourceTree = "<group>";
		};
		313D9D292889DFE80091D488 /* Features */ = {
			isa = PBXGroup;
			children = (
				313D9D2A2889DFFA0091D488 /* MovieDetails */,
			);
			path = Features;
			sourceTree = "<group>";
		};
		313D9D2A2889DFFA0091D488 /* MovieDetails */ = {
			isa = PBXGroup;
			children = (
				313D9D342889EACD0091D488 /* Cells */,
				313D9D2D2889E17D0091D488 /* ViewModel */,
				313D9D2C2889E02C0091D488 /* ViewController */,
				313D9D2B2889E0200091D488 /* View */,
			);
			path = MovieDetails;
			sourceTree = "<group>";
		};
		313D9D2B2889E0200091D488 /* View */ = {
			isa = PBXGroup;
			children = (
				313D9D322889E2140091D488 /* MovieView.swift */,
			);
			path = View;
			sourceTree = "<group>";
		};
		313D9D2C2889E02C0091D488 /* ViewController */ = {
			isa = PBXGroup;
			children = (
				313D9D302889E1E30091D488 /* MovieViewController.swift */,
				313D9D49288A2E7B0091D488 /* HideTableViewHeader.swift */,
			);
			path = ViewController;
			sourceTree = "<group>";
		};
		313D9D2D2889E17D0091D488 /* ViewModel */ = {
			isa = PBXGroup;
			children = (
				313D9D2E2889E1B80091D488 /* MovieViewModel.swift */,
			);
			path = ViewModel;
			sourceTree = "<group>";
		};
		313D9D342889EACD0091D488 /* Cells */ = {
			isa = PBXGroup;
			children = (
				313D9D352889EB7F0091D488 /* SimilarMoviesCell.swift */,
				313D9D43288A088E0091D488 /* MovieNameCell.swift */,
				313D9D73288C7E320091D488 /* ImageMovieCell.swift */,
			);
			path = Cells;
			sourceTree = "<group>";
		};
		313D9D372889FF410091D488 /* Utils */ = {
			isa = PBXGroup;
			children = (
				313D9D3B288A01010091D488 /* Fonts */,
				313D9D382889FF6A0091D488 /* Extension */,
			);
			path = Utils;
			sourceTree = "<group>";
		};
		313D9D382889FF6A0091D488 /* Extension */ = {
			isa = PBXGroup;
			children = (
				313D9D392889FF960091D488 /* UILabel+Extension.swift */,
				313D9D45288A09610091D488 /* UIButton+Extension.swift */,
			);
			path = Extension;
			sourceTree = "<group>";
		};
		313D9D3B288A01010091D488 /* Fonts */ = {
			isa = PBXGroup;
			children = (
				313D9D41288A02420091D488 /* CustomFont.swift */,
				313D9D40288A01370091D488 /* OpenSans */,
			);
			path = Fonts;
			sourceTree = "<group>";
		};
		313D9D40288A01370091D488 /* OpenSans */ = {
			isa = PBXGroup;
			children = (
				313D9D3E288A011F0091D488 /* OpenSans-Bold.ttf */,
				313D9D3C288A011F0091D488 /* OpenSans-Medium.ttf */,
				313D9D3F288A011F0091D488 /* OpenSans-Regular.ttf */,
				313D9D3D288A011F0091D488 /* OpenSans-SemiBold.ttf */,
			);
			path = OpenSans;
			sourceTree = "<group>";
		};
		313D9D4B288B28120091D488 /* Network */ = {
			isa = PBXGroup;
			children = (
				313D9D4C288B28460091D488 /* MovieService.swift */,
				313D9D75288C9C130091D488 /* SimilarMoviesService.swift */,
				313D9D4E288B28E60091D488 /* GenericServices.swift */,
			);
			path = Network;
			sourceTree = "<group>";
		};
		313D9D50288B2C070091D488 /* Model */ = {
			isa = PBXGroup;
			children = (
				313D9D51288B2C160091D488 /* MovieDetails.swift */,
				313D9D77288C9C4D0091D488 /* SimilarMovies.swift */,
			);
			path = Model;
			sourceTree = "<group>";
		};
		D2712E71BC24097D95D5F116 /* Frameworks */ = {
			isa = PBXGroup;
			children = (
				2332A2B18815ADEBF1A670F6 /* Pods_DesafioMobile2You.framework */,
			);
			name = Frameworks;
			sourceTree = "<group>";
		};
/* End PBXGroup section */

/* Begin PBXNativeTarget section */
		313D9D112889D9AD0091D488 /* DesafioMobile2You */ = {
			isa = PBXNativeTarget;
			buildConfigurationList = 313D9D262889D9AE0091D488 /* Build configuration list for PBXNativeTarget "DesafioMobile2You" */;
			buildPhases = (
				DD01CF4008F93E64DD3B90B5 /* [CP] Check Pods Manifest.lock */,
				313D9D0E2889D9AD0091D488 /* Sources */,
				313D9D0F2889D9AD0091D488 /* Frameworks */,
				313D9D102889D9AD0091D488 /* Resources */,
				4DF1C5C224AA401A6AAB17D6 /* [CP] Embed Pods Frameworks */,
			);
			buildRules = (
			);
			dependencies = (
			);
			name = DesafioMobile2You;
			productName = DesafioMobile2You;
			productReference = 313D9D122889D9AD0091D488 /* DesafioMobile2You.app */;
			productType = "com.apple.product-type.application";
		};
/* End PBXNativeTarget section */

/* Begin PBXProject section */
		313D9D0A2889D9AD0091D488 /* Project object */ = {
			isa = PBXProject;
			attributes = {
				BuildIndependentTargetsInParallel = 1;
				LastSwiftUpdateCheck = 1340;
				LastUpgradeCheck = 1340;
				TargetAttributes = {
					313D9D112889D9AD0091D488 = {
						CreatedOnToolsVersion = 13.4.1;
					};
				};
			};
			buildConfigurationList = 313D9D0D2889D9AD0091D488 /* Build configuration list for PBXProject "DesafioMobile2You" */;
			compatibilityVersion = "Xcode 13.0";
			developmentRegion = en;
			hasScannedForEncodings = 0;
			knownRegions = (
				en,
				Base,
			);
			mainGroup = 313D9D092889D9AD0091D488;
			productRefGroup = 313D9D132889D9AD0091D488 /* Products */;
			projectDirPath = "";
			projectRoot = "";
			targets = (
				313D9D112889D9AD0091D488 /* DesafioMobile2You */,
			);
		};
/* End PBXProject section */

/* Begin PBXResourcesBuildPhase section */
		313D9D102889D9AD0091D488 /* Resources */ = {
			isa = PBXResourcesBuildPhase;
			buildActionMask = 2147483647;
			files = (
				313D9D222889D9AD0091D488 /* LaunchScreen.storyboard in Resources */,
				313D9D1F2889D9AD0091D488 /* Assets.xcassets in Resources */,
			);
			runOnlyForDeploymentPostprocessing = 0;
		};
/* End PBXResourcesBuildPhase section */

/* Begin PBXShellScriptBuildPhase section */
		4DF1C5C224AA401A6AAB17D6 /* [CP] Embed Pods Frameworks */ = {
			isa = PBXShellScriptBuildPhase;
			buildActionMask = 2147483647;
			files = (
			);
			inputFileListPaths = (
				"${PODS_ROOT}/Target Support Files/Pods-DesafioMobile2You/Pods-DesafioMobile2You-frameworks-${CONFIGURATION}-input-files.xcfilelist",
			);
			name = "[CP] Embed Pods Frameworks";
			outputFileListPaths = (
				"${PODS_ROOT}/Target Support Files/Pods-DesafioMobile2You/Pods-DesafioMobile2You-frameworks-${CONFIGURATION}-output-files.xcfilelist",
			);
			runOnlyForDeploymentPostprocessing = 0;
			shellPath = /bin/sh;
			shellScript = "\"${PODS_ROOT}/Target Support Files/Pods-DesafioMobile2You/Pods-DesafioMobile2You-frameworks.sh\"\n";
			showEnvVarsInLog = 0;
		};
		DD01CF4008F93E64DD3B90B5 /* [CP] Check Pods Manifest.lock */ = {
			isa = PBXShellScriptBuildPhase;
			buildActionMask = 2147483647;
			files = (
			);
			inputFileListPaths = (
			);
			inputPaths = (
				"${PODS_PODFILE_DIR_PATH}/Podfile.lock",
				"${PODS_ROOT}/Manifest.lock",
			);
			name = "[CP] Check Pods Manifest.lock";
			outputFileListPaths = (
			);
			outputPaths = (
				"$(DERIVED_FILE_DIR)/Pods-DesafioMobile2You-checkManifestLockResult.txt",
			);
			runOnlyForDeploymentPostprocessing = 0;
			shellPath = /bin/sh;
			shellScript = "diff \"${PODS_PODFILE_DIR_PATH}/Podfile.lock\" \"${PODS_ROOT}/Manifest.lock\" > /dev/null\nif [ $? != 0 ] ; then\n    # print error to STDERR\n    echo \"error: The sandbox is not in sync with the Podfile.lock. Run 'pod install' or update your CocoaPods installation.\" >&2\n    exit 1\nfi\n# This output is used by Xcode 'outputs' to avoid re-running this script phase.\necho \"SUCCESS\" > \"${SCRIPT_OUTPUT_FILE_0}\"\n";
			showEnvVarsInLog = 0;
		};
/* End PBXShellScriptBuildPhase section */

/* Begin PBXSourcesBuildPhase section */
		313D9D0E2889D9AD0091D488 /* Sources */ = {
			isa = PBXSourcesBuildPhase;
			buildActionMask = 2147483647;
			files = (
				313D9D332889E2140091D488 /* MovieView.swift in Sources */,
				313D9D52288B2C160091D488 /* MovieDetails.swift in Sources */,
				313D9D76288C9C140091D488 /* SimilarMoviesService.swift in Sources */,
				313D9D78288C9C4D0091D488 /* SimilarMovies.swift in Sources */,
				313D9D162889D9AD0091D488 /* AppDelegate.swift in Sources */,
				313D9D4A288A2E7B0091D488 /* HideTableViewHeader.swift in Sources */,
				313D9D44288A088E0091D488 /* MovieNameCell.swift in Sources */,
				313D9D4F288B28E60091D488 /* GenericServices.swift in Sources */,
				313D9D46288A09610091D488 /* UIButton+Extension.swift in Sources */,
				313D9D362889EB7F0091D488 /* SimilarMoviesCell.swift in Sources */,
				313D9D4D288B28460091D488 /* MovieService.swift in Sources */,
				313D9D3A2889FF960091D488 /* UILabel+Extension.swift in Sources */,
				313D9D182889D9AD0091D488 /* SceneDelegate.swift in Sources */,
				313D9D42288A02420091D488 /* CustomFont.swift in Sources */,
				313D9D2F2889E1B80091D488 /* MovieViewModel.swift in Sources */,
				313D9D312889E1E30091D488 /* MovieViewController.swift in Sources */,
				313D9D74288C7E330091D488 /* ImageMovieCell.swift in Sources */,
			);
			runOnlyForDeploymentPostprocessing = 0;
		};
/* End PBXSourcesBuildPhase section */

/* Begin PBXVariantGroup section */
		313D9D202889D9AD0091D488 /* LaunchScreen.storyboard */ = {
			isa = PBXVariantGroup;
			children = (
				313D9D212889D9AD0091D488 /* Base */,
			);
			name = LaunchScreen.storyboard;
			sourceTree = "<group>";
		};
/* End PBXVariantGroup section */

/* Begin XCBuildConfiguration section */
		313D9D242889D9AE0091D488 /* Debug */ = {
			isa = XCBuildConfiguration;
			buildSettings = {
				ALWAYS_SEARCH_USER_PATHS = NO;
				CLANG_ANALYZER_NONNULL = YES;
				CLANG_ANALYZER_NUMBER_OBJECT_CONVERSION = YES_AGGRESSIVE;
				CLANG_CXX_LANGUAGE_STANDARD = "gnu++17";
				CLANG_ENABLE_MODULES = YES;
				CLANG_ENABLE_OBJC_ARC = YES;
				CLANG_ENABLE_OBJC_WEAK = YES;
				CLANG_WARN_BLOCK_CAPTURE_AUTORELEASING = YES;
				CLANG_WARN_BOOL_CONVERSION = YES;
				CLANG_WARN_COMMA = YES;
				CLANG_WARN_CONSTANT_CONVERSION = YES;
				CLANG_WARN_DEPRECATED_OBJC_IMPLEMENTATIONS = YES;
				CLANG_WARN_DIRECT_OBJC_ISA_USAGE = YES_ERROR;
				CLANG_WARN_DOCUMENTATION_COMMENTS = YES;
				CLANG_WARN_EMPTY_BODY = YES;
				CLANG_WARN_ENUM_CONVERSION = YES;
				CLANG_WARN_INFINITE_RECURSION = YES;
				CLANG_WARN_INT_CONVERSION = YES;
				CLANG_WARN_NON_LITERAL_NULL_CONVERSION = YES;
				CLANG_WARN_OBJC_IMPLICIT_RETAIN_SELF = YES;
				CLANG_WARN_OBJC_LITERAL_CONVERSION = YES;
				CLANG_WARN_OBJC_ROOT_CLASS = YES_ERROR;
				CLANG_WARN_QUOTED_INCLUDE_IN_FRAMEWORK_HEADER = YES;
				CLANG_WARN_RANGE_LOOP_ANALYSIS = YES;
				CLANG_WARN_STRICT_PROTOTYPES = YES;
				CLANG_WARN_SUSPICIOUS_MOVE = YES;
				CLANG_WARN_UNGUARDED_AVAILABILITY = YES_AGGRESSIVE;
				CLANG_WARN_UNREACHABLE_CODE = YES;
				CLANG_WARN__DUPLICATE_METHOD_MATCH = YES;
				COPY_PHASE_STRIP = NO;
				DEBUG_INFORMATION_FORMAT = dwarf;
				ENABLE_STRICT_OBJC_MSGSEND = YES;
				ENABLE_TESTABILITY = YES;
				GCC_C_LANGUAGE_STANDARD = gnu11;
				GCC_DYNAMIC_NO_PIC = NO;
				GCC_NO_COMMON_BLOCKS = YES;
				GCC_OPTIMIZATION_LEVEL = 0;
				GCC_PREPROCESSOR_DEFINITIONS = (
					"DEBUG=1",
					"$(inherited)",
				);
				GCC_WARN_64_TO_32_BIT_CONVERSION = YES;
				GCC_WARN_ABOUT_RETURN_TYPE = YES_ERROR;
				GCC_WARN_UNDECLARED_SELECTOR = YES;
				GCC_WARN_UNINITIALIZED_AUTOS = YES_AGGRESSIVE;
				GCC_WARN_UNUSED_FUNCTION = YES;
				GCC_WARN_UNUSED_VARIABLE = YES;
				IPHONEOS_DEPLOYMENT_TARGET = 15.5;
				MTL_ENABLE_DEBUG_INFO = INCLUDE_SOURCE;
				MTL_FAST_MATH = YES;
				ONLY_ACTIVE_ARCH = YES;
				SDKROOT = iphoneos;
				SWIFT_ACTIVE_COMPILATION_CONDITIONS = DEBUG;
				SWIFT_OPTIMIZATION_LEVEL = "-Onone";
			};
			name = Debug;
		};
		313D9D252889D9AE0091D488 /* Release */ = {
			isa = XCBuildConfiguration;
			buildSettings = {
				ALWAYS_SEARCH_USER_PATHS = NO;
				CLANG_ANALYZER_NONNULL = YES;
				CLANG_ANALYZER_NUMBER_OBJECT_CONVERSION = YES_AGGRESSIVE;
				CLANG_CXX_LANGUAGE_STANDARD = "gnu++17";
				CLANG_ENABLE_MODULES = YES;
				CLANG_ENABLE_OBJC_ARC = YES;
				CLANG_ENABLE_OBJC_WEAK = YES;
				CLANG_WARN_BLOCK_CAPTURE_AUTORELEASING = YES;
				CLANG_WARN_BOOL_CONVERSION = YES;
				CLANG_WARN_COMMA = YES;
				CLANG_WARN_CONSTANT_CONVERSION = YES;
				CLANG_WARN_DEPRECATED_OBJC_IMPLEMENTATIONS = YES;
				CLANG_WARN_DIRECT_OBJC_ISA_USAGE = YES_ERROR;
				CLANG_WARN_DOCUMENTATION_COMMENTS = YES;
				CLANG_WARN_EMPTY_BODY = YES;
				CLANG_WARN_ENUM_CONVERSION = YES;
				CLANG_WARN_INFINITE_RECURSION = YES;
				CLANG_WARN_INT_CONVERSION = YES;
				CLANG_WARN_NON_LITERAL_NULL_CONVERSION = YES;
				CLANG_WARN_OBJC_IMPLICIT_RETAIN_SELF = YES;
				CLANG_WARN_OBJC_LITERAL_CONVERSION = YES;
				CLANG_WARN_OBJC_ROOT_CLASS = YES_ERROR;
				CLANG_WARN_QUOTED_INCLUDE_IN_FRAMEWORK_HEADER = YES;
				CLANG_WARN_RANGE_LOOP_ANALYSIS = YES;
				CLANG_WARN_STRICT_PROTOTYPES = YES;
				CLANG_WARN_SUSPICIOUS_MOVE = YES;
				CLANG_WARN_UNGUARDED_AVAILABILITY = YES_AGGRESSIVE;
				CLANG_WARN_UNREACHABLE_CODE = YES;
				CLANG_WARN__DUPLICATE_METHOD_MATCH = YES;
				COPY_PHASE_STRIP = NO;
				DEBUG_INFORMATION_FORMAT = "dwarf-with-dsym";
				ENABLE_NS_ASSERTIONS = NO;
				ENABLE_STRICT_OBJC_MSGSEND = YES;
				GCC_C_LANGUAGE_STANDARD = gnu11;
				GCC_NO_COMMON_BLOCKS = YES;
				GCC_WARN_64_TO_32_BIT_CONVERSION = YES;
				GCC_WARN_ABOUT_RETURN_TYPE = YES_ERROR;
				GCC_WARN_UNDECLARED_SELECTOR = YES;
				GCC_WARN_UNINITIALIZED_AUTOS = YES_AGGRESSIVE;
				GCC_WARN_UNUSED_FUNCTION = YES;
				GCC_WARN_UNUSED_VARIABLE = YES;
				IPHONEOS_DEPLOYMENT_TARGET = 15.5;
				MTL_ENABLE_DEBUG_INFO = NO;
				MTL_FAST_MATH = YES;
				SDKROOT = iphoneos;
				SWIFT_COMPILATION_MODE = wholemodule;
				SWIFT_OPTIMIZATION_LEVEL = "-O";
				VALIDATE_PRODUCT = YES;
			};
			name = Release;
		};
		313D9D272889D9AE0091D488 /* Debug */ = {
			isa = XCBuildConfiguration;
			baseConfigurationReference = 61AD216E247807594CB58D15 /* Pods-DesafioMobile2You.debug.xcconfig */;
			buildSettings = {
				ASSETCATALOG_COMPILER_APPICON_NAME = AppIcon;
				ASSETCATALOG_COMPILER_GLOBAL_ACCENT_COLOR_NAME = AccentColor;
				CODE_SIGN_STYLE = Automatic;
				CURRENT_PROJECT_VERSION = 1;
				GENERATE_INFOPLIST_FILE = YES;
				INFOPLIST_FILE = DesafioMobile2You/Info.plist;
				INFOPLIST_KEY_UIApplicationSupportsIndirectInputEvents = YES;
				INFOPLIST_KEY_UILaunchStoryboardName = LaunchScreen;
				INFOPLIST_KEY_UISupportedInterfaceOrientations_iPad = "UIInterfaceOrientationPortrait UIInterfaceOrientationPortraitUpsideDown UIInterfaceOrientationLandscapeLeft UIInterfaceOrientationLandscapeRight";
				INFOPLIST_KEY_UISupportedInterfaceOrientations_iPhone = "UIInterfaceOrientationPortrait UIInterfaceOrientationLandscapeLeft UIInterfaceOrientationLandscapeRight";
				LD_RUNPATH_SEARCH_PATHS = (
					"$(inherited)",
					"@executable_path/Frameworks",
				);
				MARKETING_VERSION = 1.0;
				PRODUCT_BUNDLE_IDENTIFIER = MarceloSilva.DesafioMobile2You;
				PRODUCT_NAME = "$(TARGET_NAME)";
				SWIFT_EMIT_LOC_STRINGS = YES;
				SWIFT_VERSION = 5.0;
				TARGETED_DEVICE_FAMILY = "1,2";
			};
			name = Debug;
		};
		313D9D282889D9AE0091D488 /* Release */ = {
			isa = XCBuildConfiguration;
			baseConfigurationReference = 91991C45E30FFDCE4C9FE2DC /* Pods-DesafioMobile2You.release.xcconfig */;
			buildSettings = {
				ASSETCATALOG_COMPILER_APPICON_NAME = AppIcon;
				ASSETCATALOG_COMPILER_GLOBAL_ACCENT_COLOR_NAME = AccentColor;
				CODE_SIGN_STYLE = Automatic;
				CURRENT_PROJECT_VERSION = 1;
				GENERATE_INFOPLIST_FILE = YES;
				INFOPLIST_FILE = DesafioMobile2You/Info.plist;
				INFOPLIST_KEY_UIApplicationSupportsIndirectInputEvents = YES;
				INFOPLIST_KEY_UILaunchStoryboardName = LaunchScreen;
				INFOPLIST_KEY_UISupportedInterfaceOrientations_iPad = "UIInterfaceOrientationPortrait UIInterfaceOrientationPortraitUpsideDown UIInterfaceOrientationLandscapeLeft UIInterfaceOrientationLandscapeRight";
				INFOPLIST_KEY_UISupportedInterfaceOrientations_iPhone = "UIInterfaceOrientationPortrait UIInterfaceOrientationLandscapeLeft UIInterfaceOrientationLandscapeRight";
				LD_RUNPATH_SEARCH_PATHS = (
					"$(inherited)",
					"@executable_path/Frameworks",
				);
				MARKETING_VERSION = 1.0;
				PRODUCT_BUNDLE_IDENTIFIER = MarceloSilva.DesafioMobile2You;
				PRODUCT_NAME = "$(TARGET_NAME)";
				SWIFT_EMIT_LOC_STRINGS = YES;
				SWIFT_VERSION = 5.0;
				TARGETED_DEVICE_FAMILY = "1,2";
			};
			name = Release;
		};
/* End XCBuildConfiguration section */

/* Begin XCConfigurationList section */
		313D9D0D2889D9AD0091D488 /* Build configuration list for PBXProject "DesafioMobile2You" */ = {
			isa = XCConfigurationList;
			buildConfigurations = (
				313D9D242889D9AE0091D488 /* Debug */,
				313D9D252889D9AE0091D488 /* Release */,
			);
			defaultConfigurationIsVisible = 0;
			defaultConfigurationName = Release;
		};
		313D9D262889D9AE0091D488 /* Build configuration list for PBXNativeTarget "DesafioMobile2You" */ = {
			isa = XCConfigurationList;
			buildConfigurations = (
				313D9D272889D9AE0091D488 /* Debug */,
				313D9D282889D9AE0091D488 /* Release */,
			);
			defaultConfigurationIsVisible = 0;
			defaultConfigurationName = Release;
		};
/* End XCConfigurationList section */
	};
	rootObject = 313D9D0A2889D9AD0091D488 /* Project object */;
}
